
Microsoft Visual Studio Solution File, Format Version 12.00
# Visual Studio 15
VisualStudioVersion = 15.0.28307.757
MinimumVisualStudioVersion = 10.0.40219.1
Project("{FAE04EC0-301F-11D3-BF4B-00C04F79EFBC}") = "PropertyGridEditor", "PropertyGridEditor.csproj", "{4A4FC4F0-7007-46B7-9401-BD5D405C6362}"
EndProject
Project("{FAE04EC0-301F-11D3-BF4B-00C04F79EFBC}") = "PropGridTester", "..\PropGridTester\PropGridTester.csproj", "{114B3535-EC32-44F6-8887-200872B255AB}"
EndProject
Project("{2150E333-8FDC-42A3-9474-1A3956D46DE8}") = "PropertyEditor", "PropertyEditor", "{BEB7A2D6-5126-4DD6-B39F-BA40B022BC6D}"
EndProject
Project("{2150E333-8FDC-42A3-9474-1A3956D46DE8}") = "FIleImportRow", "FIleImportRow", "{DD160E72-9AF4-4DEF-8E0B-27ED61E40D2A}"
EndProject
Project("{2150E333-8FDC-42A3-9474-1A3956D46DE8}") = "Scale_Move_Rotate", "Scale_Move_Rotate", "{41D06509-66E6-4917-A1E8-C03928DEFD8B}"
EndProject
Project("{FAE04EC0-301F-11D3-BF4B-00C04F79EFBC}") = "SMRControl", "..\SMRControl\SMRControl.csproj", "{77686EB6-5E6A-4F46-8E4A-EC7521223E7B}"
EndProject
Project("{FAE04EC0-301F-11D3-BF4B-00C04F79EFBC}") = "SMRTester", "..\SMRTester\SMRTester.csproj", "{B9BD04ED-5654-4FE3-9A1D-B69B28F4659B}"
EndProject
Project("{FAE04EC0-301F-11D3-BF4B-00C04F79EFBC}") = "FileImportRow", "..\FileImportRow\FileImportRow.csproj", "{A7764F98-CF42-4DC2-AD8F-00D25B240E2F}"
EndProject
Project("{FAE04EC0-301F-11D3-BF4B-00C04F79EFBC}") = "FileImportRowTester", "..\FileImportRowTester\FileImportRowTester.csproj", "{5A862F32-D842-4843-934F-7951D9026EF5}"
EndProject
Project("{2150E333-8FDC-42A3-9474-1A3956D46DE8}") = "Timeline_Player", "Timeline_Player", "{0069FA57-2D3B-45DE-8EBD-73C64AE5E374}"
EndProject
Project("{FAE04EC0-301F-11D3-BF4B-00C04F79EFBC}") = "TimelinePlayer", "..\TimelinePlayer\TimelinePlayer.csproj", "{38099F5F-6D7D-4F8E-A900-9083365B2C59}"
EndProject
Project("{FAE04EC0-301F-11D3-BF4B-00C04F79EFBC}") = "TimelinePlayer_Tester", "..\TimelinePlayer_Tester\TimelinePlayer_Tester.csproj", "{CEBBD6ED-0FEB-4A0F-B95F-9D0621F9E764}"
EndProject
Project("{2150E333-8FDC-42A3-9474-1A3956D46DE8}") = "CollaspablePropertyGrid", "CollaspablePropertyGrid", "{058C769B-D14D-4E8D-B9A7-B916C94D064E}"
EndProject
Project("{FAE04EC0-301F-11D3-BF4B-00C04F79EFBC}") = "CollapsedPropertyGrid", "..\CollapsedPropertyGrid\CollapsedPropertyGrid.csproj", "{22945702-C005-4545-B99E-30B8E65CFBB4}"
EndProject
Project("{FAE04EC0-301F-11D3-BF4B-00C04F79EFBC}") = "CollapsedPropertyGridTester", "..\CollapsedPropertyGridTester\CollapsedPropertyGridTester.csproj", "{875E3DB6-AFD9-4FE6-AAF2-202D4FF9AC02}"
EndProject
Project("{2150E333-8FDC-42A3-9474-1A3956D46DE8}") = "NodeEditor", "NodeEditor", "{1097DD01-1985-4897-B4C1-91AA20D56B58}"
EndProject
Project("{FAE04EC0-301F-11D3-BF4B-00C04F79EFBC}") = "NodeEditor", "..\NodeEditor\NodeEditor.csproj", "{AF21C1DD-9FB8-4D5B-B32E-85CBF86B741D}"
EndProject
Project("{FAE04EC0-301F-11D3-BF4B-00C04F79EFBC}") = "NodeEditor_Tester", "..\NodeEditor_Tester\NodeEditor_Tester.csproj", "{CB78DC00-1921-4C1A-846C-FF7D40489D2C}"
EndProject
Project("{2150E333-8FDC-42A3-9474-1A3956D46DE8}") = "OutputLog", "OutputLog", "{2C1E0F1F-F805-4041-84CB-9039F09F6E8A}"
EndProject
Project("{FAE04EC0-301F-11D3-BF4B-00C04F79EFBC}") = "OutputLog", "..\OutputLog\OutputLog.csproj", "{A76B8058-F9FC-4308-A49B-66409BC0D437}"
EndProject
Project("{FAE04EC0-301F-11D3-BF4B-00C04F79EFBC}") = "OutputLog_Tester", "..\OutputLog_Tester\OutputLog_Tester.csproj", "{D796A340-28D5-42A7-A2C4-114DC3EECD7C}"
EndProject
Project("{2150E333-8FDC-42A3-9474-1A3956D46DE8}") = "Bixbite", "Bixbite", "{A181BC1F-58E8-40E4-8E0B-51586B208902}"
EndProject
Project("{FAE04EC0-301F-11D3-BF4B-00C04F79EFBC}") = "BixBite", "..\Bixbite\BixBite.csproj", "{D50DEEF5-20BE-4A57-B0F8-6CB460F71D82}"
EndProject
Project("{2150E333-8FDC-42A3-9474-1A3956D46DE8}") = "CropableImages", "CropableImages", "{F48A8E37-115A-4C12-8712-DE70097758E9}"
EndProject
Project("{FAE04EC0-301F-11D3-BF4B-00C04F79EFBC}") = "CroppableImageTester", "..\CroppableImageTester\WpfApp1\CroppableImageTester.csproj", "{F6225482-B201-4847-9480-7FE8DB4207B5}"
EndProject
Project("{FAE04EC0-301F-11D3-BF4B-00C04F79EFBC}") = "ImageCropper", "..\CroppableImage\ImageCropper\ImageCropper.csproj", "{B13A2CA4-BC0E-41A4-A1CA-EAA37540E0D1}"
EndProject
Global
	GlobalSection(SolutionConfigurationPlatforms) = preSolution
		Debug|Any CPU = Debug|Any CPU
		Release|Any CPU = Release|Any CPU
	EndGlobalSection
	GlobalSection(ProjectConfigurationPlatforms) = postSolution
		{4A4FC4F0-7007-46B7-9401-BD5D405C6362}.Debug|Any CPU.ActiveCfg = Debug|Any CPU
		{4A4FC4F0-7007-46B7-9401-BD5D405C6362}.Debug|Any CPU.Build.0 = Debug|Any CPU
		{4A4FC4F0-7007-46B7-9401-BD5D405C6362}.Release|Any CPU.ActiveCfg = Release|Any CPU
		{4A4FC4F0-7007-46B7-9401-BD5D405C6362}.Release|Any CPU.Build.0 = Release|Any CPU
		{114B3535-EC32-44F6-8887-200872B255AB}.Debug|Any CPU.ActiveCfg = Debug|Any CPU
		{114B3535-EC32-44F6-8887-200872B255AB}.Debug|Any CPU.Build.0 = Debug|Any CPU
		{114B3535-EC32-44F6-8887-200872B255AB}.Release|Any CPU.ActiveCfg = Release|Any CPU
		{114B3535-EC32-44F6-8887-200872B255AB}.Release|Any CPU.Build.0 = Release|Any CPU
		{77686EB6-5E6A-4F46-8E4A-EC7521223E7B}.Debug|Any CPU.ActiveCfg = Debug|Any CPU
		{77686EB6-5E6A-4F46-8E4A-EC7521223E7B}.Debug|Any CPU.Build.0 = Debug|Any CPU
		{77686EB6-5E6A-4F46-8E4A-EC7521223E7B}.Release|Any CPU.ActiveCfg = Release|Any CPU
		{77686EB6-5E6A-4F46-8E4A-EC7521223E7B}.Release|Any CPU.Build.0 = Release|Any CPU
		{B9BD04ED-5654-4FE3-9A1D-B69B28F4659B}.Debug|Any CPU.ActiveCfg = Debug|Any CPU
		{B9BD04ED-5654-4FE3-9A1D-B69B28F4659B}.Debug|Any CPU.Build.0 = Debug|Any CPU
		{B9BD04ED-5654-4FE3-9A1D-B69B28F4659B}.Release|Any CPU.ActiveCfg = Release|Any CPU
		{B9BD04ED-5654-4FE3-9A1D-B69B28F4659B}.Release|Any CPU.Build.0 = Release|Any CPU
		{A7764F98-CF42-4DC2-AD8F-00D25B240E2F}.Debug|Any CPU.ActiveCfg = Debug|Any CPU
		{A7764F98-CF42-4DC2-AD8F-00D25B240E2F}.Debug|Any CPU.Build.0 = Debug|Any CPU
		{A7764F98-CF42-4DC2-AD8F-00D25B240E2F}.Release|Any CPU.ActiveCfg = Release|Any CPU
		{A7764F98-CF42-4DC2-AD8F-00D25B240E2F}.Release|Any CPU.Build.0 = Release|Any CPU
		{5A862F32-D842-4843-934F-7951D9026EF5}.Debug|Any CPU.ActiveCfg = Debug|Any CPU
		{5A862F32-D842-4843-934F-7951D9026EF5}.Debug|Any CPU.Build.0 = Debug|Any CPU
		{5A862F32-D842-4843-934F-7951D9026EF5}.Release|Any CPU.ActiveCfg = Release|Any CPU
		{5A862F32-D842-4843-934F-7951D9026EF5}.Release|Any CPU.Build.0 = Release|Any CPU
		{38099F5F-6D7D-4F8E-A900-9083365B2C59}.Debug|Any CPU.ActiveCfg = Debug|Any CPU
		{38099F5F-6D7D-4F8E-A900-9083365B2C59}.Debug|Any CPU.Build.0 = Debug|Any CPU
		{38099F5F-6D7D-4F8E-A900-9083365B2C59}.Release|Any CPU.ActiveCfg = Release|Any CPU
		{38099F5F-6D7D-4F8E-A900-9083365B2C59}.Release|Any CPU.Build.0 = Release|Any CPU
		{CEBBD6ED-0FEB-4A0F-B95F-9D0621F9E764}.Debug|Any CPU.ActiveCfg = Debug|Any CPU
		{CEBBD6ED-0FEB-4A0F-B95F-9D0621F9E764}.Debug|Any CPU.Build.0 = Debug|Any CPU
		{CEBBD6ED-0FEB-4A0F-B95F-9D0621F9E764}.Release|Any CPU.ActiveCfg = Release|Any CPU
		{CEBBD6ED-0FEB-4A0F-B95F-9D0621F9E764}.Release|Any CPU.Build.0 = Release|Any CPU
		{22945702-C005-4545-B99E-30B8E65CFBB4}.Debug|Any CPU.ActiveCfg = Debug|Any CPU
		{22945702-C005-4545-B99E-30B8E65CFBB4}.Debug|Any CPU.Build.0 = Debug|Any CPU
		{22945702-C005-4545-B99E-30B8E65CFBB4}.Release|Any CPU.ActiveCfg = Release|Any CPU
		{22945702-C005-4545-B99E-30B8E65CFBB4}.Release|Any CPU.Build.0 = Release|Any CPU
		{875E3DB6-AFD9-4FE6-AAF2-202D4FF9AC02}.Debug|Any CPU.ActiveCfg = Debug|Any CPU
		{875E3DB6-AFD9-4FE6-AAF2-202D4FF9AC02}.Debug|Any CPU.Build.0 = Debug|Any CPU
		{875E3DB6-AFD9-4FE6-AAF2-202D4FF9AC02}.Release|Any CPU.ActiveCfg = Release|Any CPU
		{875E3DB6-AFD9-4FE6-AAF2-202D4FF9AC02}.Release|Any CPU.Build.0 = Release|Any CPU
		{AF21C1DD-9FB8-4D5B-B32E-85CBF86B741D}.Debug|Any CPU.ActiveCfg = Debug|Any CPU
		{AF21C1DD-9FB8-4D5B-B32E-85CBF86B741D}.Debug|Any CPU.Build.0 = Debug|Any CPU
		{AF21C1DD-9FB8-4D5B-B32E-85CBF86B741D}.Release|Any CPU.ActiveCfg = Release|Any CPU
		{AF21C1DD-9FB8-4D5B-B32E-85CBF86B741D}.Release|Any CPU.Build.0 = Release|Any CPU
		{CB78DC00-1921-4C1A-846C-FF7D40489D2C}.Debug|Any CPU.ActiveCfg = Debug|Any CPU
		{CB78DC00-1921-4C1A-846C-FF7D40489D2C}.Debug|Any CPU.Build.0 = Debug|Any CPU
		{CB78DC00-1921-4C1A-846C-FF7D40489D2C}.Release|Any CPU.ActiveCfg = Release|Any CPU
		{CB78DC00-1921-4C1A-846C-FF7D40489D2C}.Release|Any CPU.Build.0 = Release|Any CPU
		{A76B8058-F9FC-4308-A49B-66409BC0D437}.Debug|Any CPU.ActiveCfg = Debug|Any CPU
		{A76B8058-F9FC-4308-A49B-66409BC0D437}.Debug|Any CPU.Build.0 = Debug|Any CPU
		{A76B8058-F9FC-4308-A49B-66409BC0D437}.Release|Any CPU.ActiveCfg = Release|Any CPU
		{A76B8058-F9FC-4308-A49B-66409BC0D437}.Release|Any CPU.Build.0 = Release|Any CPU
		{D796A340-28D5-42A7-A2C4-114DC3EECD7C}.Debug|Any CPU.ActiveCfg = Debug|Any CPU
		{D796A340-28D5-42A7-A2C4-114DC3EECD7C}.Debug|Any CPU.Build.0 = Debug|Any CPU
		{D796A340-28D5-42A7-A2C4-114DC3EECD7C}.Release|Any CPU.ActiveCfg = Release|Any CPU
		{D796A340-28D5-42A7-A2C4-114DC3EECD7C}.Release|Any CPU.Build.0 = Release|Any CPU
		{D50DEEF5-20BE-4A57-B0F8-6CB460F71D82}.Debug|Any CPU.ActiveCfg = Debug|Any CPU
		{D50DEEF5-20BE-4A57-B0F8-6CB460F71D82}.Debug|Any CPU.Build.0 = Debug|Any CPU
		{D50DEEF5-20BE-4A57-B0F8-6CB460F71D82}.Release|Any CPU.ActiveCfg = Release|Any CPU
		{D50DEEF5-20BE-4A57-B0F8-6CB460F71D82}.Release|Any CPU.Build.0 = Release|Any CPU
		{F6225482-B201-4847-9480-7FE8DB4207B5}.Debug|Any CPU.ActiveCfg = Debug|Any CPU
		{F6225482-B201-4847-9480-7FE8DB4207B5}.Debug|Any CPU.Build.0 = Debug|Any CPU
		{F6225482-B201-4847-9480-7FE8DB4207B5}.Release|Any CPU.ActiveCfg = Release|Any CPU
		{F6225482-B201-4847-9480-7FE8DB4207B5}.Release|Any CPU.Build.0 = Release|Any CPU
		{B13A2CA4-BC0E-41A4-A1CA-EAA37540E0D1}.Debug|Any CPU.ActiveCfg = Debug|Any CPU
		{B13A2CA4-BC0E-41A4-A1CA-EAA37540E0D1}.Debug|Any CPU.Build.0 = Debug|Any CPU
		{B13A2CA4-BC0E-41A4-A1CA-EAA37540E0D1}.Release|Any CPU.ActiveCfg = Release|Any CPU
		{B13A2CA4-BC0E-41A4-A1CA-EAA37540E0D1}.Release|Any CPU.Build.0 = Release|Any CPU
	EndGlobalSection
	GlobalSection(SolutionProperties) = preSolution
		HideSolutionNode = FALSE
	EndGlobalSection
	GlobalSection(NestedProjects) = preSolution
		{4A4FC4F0-7007-46B7-9401-BD5D405C6362} = {BEB7A2D6-5126-4DD6-B39F-BA40B022BC6D}
		{114B3535-EC32-44F6-8887-200872B255AB} = {BEB7A2D6-5126-4DD6-B39F-BA40B022BC6D}
		{77686EB6-5E6A-4F46-8E4A-EC7521223E7B} = {41D06509-66E6-4917-A1E8-C03928DEFD8B}
		{B9BD04ED-5654-4FE3-9A1D-B69B28F4659B} = {41D06509-66E6-4917-A1E8-C03928DEFD8B}
		{A7764F98-CF42-4DC2-AD8F-00D25B240E2F} = {DD160E72-9AF4-4DEF-8E0B-27ED61E40D2A}
		{5A862F32-D842-4843-934F-7951D9026EF5} = {DD160E72-9AF4-4DEF-8E0B-27ED61E40D2A}
		{38099F5F-6D7D-4F8E-A900-9083365B2C59} = {0069FA57-2D3B-45DE-8EBD-73C64AE5E374}
		{CEBBD6ED-0FEB-4A0F-B95F-9D0621F9E764} = {0069FA57-2D3B-45DE-8EBD-73C64AE5E374}
		{22945702-C005-4545-B99E-30B8E65CFBB4} = {058C769B-D14D-4E8D-B9A7-B916C94D064E}
		{875E3DB6-AFD9-4FE6-AAF2-202D4FF9AC02} = {058C769B-D14D-4E8D-B9A7-B916C94D064E}
		{AF21C1DD-9FB8-4D5B-B32E-85CBF86B741D} = {1097DD01-1985-4897-B4C1-91AA20D56B58}
		{CB78DC00-1921-4C1A-846C-FF7D40489D2C} = {1097DD01-1985-4897-B4C1-91AA20D56B58}
		{A76B8058-F9FC-4308-A49B-66409BC0D437} = {2C1E0F1F-F805-4041-84CB-9039F09F6E8A}
		{D796A340-28D5-42A7-A2C4-114DC3EECD7C} = {2C1E0F1F-F805-4041-84CB-9039F09F6E8A}
		{D50DEEF5-20BE-4A57-B0F8-6CB460F71D82} = {A181BC1F-58E8-40E4-8E0B-51586B208902}
		{F6225482-B201-4847-9480-7FE8DB4207B5} = {F48A8E37-115A-4C12-8712-DE70097758E9}
		{B13A2CA4-BC0E-41A4-A1CA-EAA37540E0D1} = {F48A8E37-115A-4C12-8712-DE70097758E9}
	EndGlobalSection
	GlobalSection(ExtensibilityGlobals) = postSolution
		SolutionGuid = {944647FF-FCD4-486E-AE17-184A72BEBF87}
	EndGlobalSection
EndGlobal
